
Microsoft Visual Studio Solution File, Format Version 12.00
# Visual Studio Version 16
VisualStudioVersion = 16.0.32802.440
MinimumVisualStudioVersion = 10.0.40219.1
Project("{FAE04EC0-301F-11D3-BF4B-00C04F79EFBC}") = "Unitofworkdemo", "Unitofworkdemo\Unitofworkdemo.csproj", "{39915BB3-AD4E-4AD9-9C06-59B5643D536E}"
EndProject
Global
	GlobalSection(SolutionConfigurationPlatforms) = preSolution
		Debug|Any CPU = Debug|Any CPU
		Release|Any CPU = Release|Any CPU
	EndGlobalSection
	GlobalSection(ProjectConfigurationPlatforms) = postSolution
		{39915BB3-AD4E-4AD9-9C06-59B5643D536E}.Debug|Any CPU.ActiveCfg = Debug|Any CPU
		{39915BB3-AD4E-4AD9-9C06-59B5643D536E}.Debug|Any CPU.Build.0 = Debug|Any CPU
		{39915BB3-AD4E-4AD9-9C06-59B5643D536E}.Release|Any CPU.ActiveCfg = Release|Any CPU
		{39915BB3-AD4E-4AD9-9C06-59B5643D536E}.Release|Any CPU.Build.0 = Release|Any CPU
	EndGlobalSection
	GlobalSection(SolutionProperties) = preSolution
		HideSolutionNode = FALSE
	EndGlobalSection
	GlobalSection(ExtensibilityGlobals) = postSolution
		SolutionGuid = {BB04E768-A6BF-470A-8AB8-3A620E1D2878}
	EndGlobalSection
EndGlobal
